
Microsoft Visual Studio Solution File, Format Version 12.00
# Visual Studio Version 16
VisualStudioVersion = 16.0.31702.278
MinimumVisualStudioVersion = 10.0.40219.1
Project("{FAE04EC0-301F-11D3-BF4B-00C04F79EFBC}") = "RSA", "RSA\RSA.csproj", "{F71679F0-BE94-4967-A749-A35600A04C63}"
EndProject
Global
	GlobalSection(SolutionConfigurationPlatforms) = preSolution
		Debug|Any CPU = Debug|Any CPU
		Release|Any CPU = Release|Any CPU
	EndGlobalSection
	GlobalSection(ProjectConfigurationPlatforms) = postSolution
		{F71679F0-BE94-4967-A749-A35600A04C63}.Debug|Any CPU.ActiveCfg = Debug|Any CPU
		{F71679F0-BE94-4967-A749-A35600A04C63}.Debug|Any CPU.Build.0 = Debug|Any CPU
		{F71679F0-BE94-4967-A749-A35600A04C63}.Release|Any CPU.ActiveCfg = Release|Any CPU
		{F71679F0-BE94-4967-A749-A35600A04C63}.Release|Any CPU.Build.0 = Release|Any CPU
	EndGlobalSection
	GlobalSection(SolutionProperties) = preSolution
		HideSolutionNode = FALSE
	EndGlobalSection
	GlobalSection(ExtensibilityGlobals) = postSolution
		SolutionGuid = {06B89401-4FAD-4B15-93E9-5D40D57F2B39}
	EndGlobalSection
EndGlobal
